# This file is generated by running "yarn install" inside your project.
# Manual changes might be lost - proceed with caution!

__metadata:
  version: 8
  cacheKey: 10c0

"@ckeditor/ckeditor5-alignment@npm:^40.0.0":
  version: 40.2.0
  resolution: "@ckeditor/ckeditor5-alignment@npm:40.2.0"
  dependencies:
    ckeditor5: "npm:40.2.0"
  checksum: d6e2ab53412cfcae26501dcaa8c278b1abac4e748b3a51292bdb5074d03a9bac69cdd81ba1889d735583add895f0de591f64a71dd8ab988853e299a935b78451
  languageName: node
  linkType: hard

"@ckeditor/ckeditor5-autoformat@npm:^40.0.0":
  version: 40.2.0
  resolution: "@ckeditor/ckeditor5-autoformat@npm:40.2.0"
  dependencies:
    ckeditor5: "npm:40.2.0"
  checksum: f159eba49fe53c8ddf3857c89e9772cdce82236a8513afad6731adc3e8271690256a64e4198985c6759314c5e01f819aca2fdfd04e741b7ac4e56f7759a9fc86
  languageName: node
  linkType: hard

"@ckeditor/ckeditor5-autosave@npm:^40.0.0":
  version: 40.2.0
  resolution: "@ckeditor/ckeditor5-autosave@npm:40.2.0"
  dependencies:
    ckeditor5: "npm:40.2.0"
    lodash-es: "npm:4.17.21"
  checksum: d724b25183dc9e35cba76f2d127e359cf28be5a3fe615b66e761b069e3f1ce5664211288962a939ecd8afd44b7a93464a6d410a30725a57cab54826a3ea690de
  languageName: node
  linkType: hard

"@ckeditor/ckeditor5-basic-styles@npm:^40.0.0":
  version: 40.2.0
  resolution: "@ckeditor/ckeditor5-basic-styles@npm:40.2.0"
  dependencies:
    ckeditor5: "npm:40.2.0"
  checksum: 630550f11c64f6830de7336a7d2f3081c4d04589a3ee8a16c15b96a5acb7d6be5541e767ef666fd7f55ae6796a0f2d20f4079b8f4cdf7edb7d574629d799eb23
  languageName: node
  linkType: hard

"@ckeditor/ckeditor5-block-quote@npm:^40.0.0":
  version: 40.2.0
  resolution: "@ckeditor/ckeditor5-block-quote@npm:40.2.0"
  dependencies:
    ckeditor5: "npm:40.2.0"
  checksum: eec6ea6b327b48d7f64505b02a9e4f2fc3f22bf9a11c0a2c5cb772d1c8c8e1cac136d7d2f74b46c4936ddf5532eb89c140fe08df69ce9ca9229b73f74dec2202
  languageName: node
  linkType: hard

"@ckeditor/ckeditor5-clipboard@npm:39.0.2":
  version: 39.0.2
  resolution: "@ckeditor/ckeditor5-clipboard@npm:39.0.2"
  dependencies:
    "@ckeditor/ckeditor5-core": "npm:39.0.2"
    "@ckeditor/ckeditor5-engine": "npm:39.0.2"
    "@ckeditor/ckeditor5-ui": "npm:39.0.2"
    "@ckeditor/ckeditor5-utils": "npm:39.0.2"
    "@ckeditor/ckeditor5-widget": "npm:39.0.2"
    lodash-es: "npm:4.17.21"
  checksum: c68b85f7b1177590a0fb277c343ec581ba282f8bbcff3fcefc5053f407a47df45b1f5f93d6547cc6e8d52159ab03fd99e5ca09fb29e2054af8ac2796a60222f5
  languageName: node
  linkType: hard

"@ckeditor/ckeditor5-clipboard@npm:40.2.0":
  version: 40.2.0
  resolution: "@ckeditor/ckeditor5-clipboard@npm:40.2.0"
  dependencies:
    "@ckeditor/ckeditor5-core": "npm:40.2.0"
    "@ckeditor/ckeditor5-engine": "npm:40.2.0"
    "@ckeditor/ckeditor5-ui": "npm:40.2.0"
    "@ckeditor/ckeditor5-utils": "npm:40.2.0"
    "@ckeditor/ckeditor5-widget": "npm:40.2.0"
    lodash-es: "npm:4.17.21"
  checksum: f2f88ba3029f89b897e0ed76c8b39c6bb158413bc97b070a04705e52a198cf47d6c6d3c1343b6380ebd9dd13fbd5e46bdaba857c8efe978a9135093b9a21c25d
  languageName: node
  linkType: hard

"@ckeditor/ckeditor5-code-block@npm:^40.0.0":
  version: 40.2.0
  resolution: "@ckeditor/ckeditor5-code-block@npm:40.2.0"
  dependencies:
    ckeditor5: "npm:40.2.0"
  checksum: 1f1837e29c3498c03ff978485cdabaa5be67648d5bd16e706b6831d0e1fe0d016020026e3b9fe44fbfab4712b7da08f09d2ea364c0970e4ec2a6b3a1d23c48af
  languageName: node
  linkType: hard

"@ckeditor/ckeditor5-core@npm:39.0.2":
  version: 39.0.2
  resolution: "@ckeditor/ckeditor5-core@npm:39.0.2"
  dependencies:
    "@ckeditor/ckeditor5-engine": "npm:39.0.2"
    "@ckeditor/ckeditor5-utils": "npm:39.0.2"
    lodash-es: "npm:4.17.21"
  checksum: db7143e1fd7549d1122d2b61e7388cf9e170b012b76c7e8ddc7a08cc89cdaf6b9696758aa48dc6637db3931e7371d927f37a25c8aac0d8d98cdcd7a4d32bbbe9
  languageName: node
  linkType: hard

"@ckeditor/ckeditor5-core@npm:40.2.0":
  version: 40.2.0
  resolution: "@ckeditor/ckeditor5-core@npm:40.2.0"
  dependencies:
    "@ckeditor/ckeditor5-engine": "npm:40.2.0"
    "@ckeditor/ckeditor5-utils": "npm:40.2.0"
    lodash-es: "npm:4.17.21"
  checksum: 39c10a72367bbb5cb0a3b7dac53d0f9d2c4823fd25fddc25593fde9cca46a4745d09ee734c8d9ce71415072739bbfce569e9273ee624d7e3022baab231363617
  languageName: node
  linkType: hard

"@ckeditor/ckeditor5-easy-image@npm:^40.0.0":
  version: 40.2.0
  resolution: "@ckeditor/ckeditor5-easy-image@npm:40.2.0"
  dependencies:
    ckeditor5: "npm:40.2.0"
  checksum: 3df87a1ca83ee4bc9e1073367e72bd3ba64e89673bb812540e2be1ba2ed6609732c795652d5e315c432d7b54af2caf5f945d79a5a0b2baa5196adbf26a7e7de3
  languageName: node
  linkType: hard

"@ckeditor/ckeditor5-editor-classic@npm:^40.0.0":
  version: 40.2.0
  resolution: "@ckeditor/ckeditor5-editor-classic@npm:40.2.0"
  dependencies:
    ckeditor5: "npm:40.2.0"
    lodash-es: "npm:4.17.21"
  checksum: 9c03a396b00d0397e8d8190aee7b8dcb23254699e19d71c9e90182d6f903b17a6f3af22c64ae2a885f6a91920c55e049749b35c06e58ef820ab180af239ca788
  languageName: node
  linkType: hard

"@ckeditor/ckeditor5-engine@npm:39.0.2":
  version: 39.0.2
  resolution: "@ckeditor/ckeditor5-engine@npm:39.0.2"
  dependencies:
    "@ckeditor/ckeditor5-utils": "npm:39.0.2"
    lodash-es: "npm:4.17.21"
  checksum: 984ec135d55d94144095ca1c743cbbb0d96590e9bc73824e72a9c585fe5bbaa2cdcc4a3c8f5292649a632b53f013a96e1a7db89639a49962fb3f7b9debf0fb4f
  languageName: node
  linkType: hard

"@ckeditor/ckeditor5-engine@npm:40.2.0":
  version: 40.2.0
  resolution: "@ckeditor/ckeditor5-engine@npm:40.2.0"
  dependencies:
    "@ckeditor/ckeditor5-utils": "npm:40.2.0"
    lodash-es: "npm:4.17.21"
  checksum: a90fb31e4dc68d9fc87374a189c2c83e37f1db259a5b0dc66333e56cf57e6b8993fdd84ba39beffb0f7f63b76411dccad629d4674d3d8144113ee23b903cf4de
  languageName: node
  linkType: hard

"@ckeditor/ckeditor5-enter@npm:39.0.2":
  version: 39.0.2
  resolution: "@ckeditor/ckeditor5-enter@npm:39.0.2"
  dependencies:
    "@ckeditor/ckeditor5-core": "npm:39.0.2"
    "@ckeditor/ckeditor5-engine": "npm:39.0.2"
    "@ckeditor/ckeditor5-utils": "npm:39.0.2"
  checksum: 3ca72593434a2e118c9008c53ec8e3cf114e4400a30fd2e8fb21379d7e1cac5f7cf41a76566436d791fb49af1654e22abb5e550758dcf47edbd1b963ece26dad
  languageName: node
  linkType: hard

"@ckeditor/ckeditor5-enter@npm:40.2.0":
  version: 40.2.0
  resolution: "@ckeditor/ckeditor5-enter@npm:40.2.0"
  dependencies:
    "@ckeditor/ckeditor5-core": "npm:40.2.0"
    "@ckeditor/ckeditor5-engine": "npm:40.2.0"
    "@ckeditor/ckeditor5-utils": "npm:40.2.0"
  checksum: 51fb465c3be249d8155f45fdaad1c52305aecd2beaaf1231a067c19e343bab8a74665c34c566ce921a63910506f7461faf19cef046e8358c63c0c2c6b7aaafa1
  languageName: node
  linkType: hard

"@ckeditor/ckeditor5-essentials@npm:^40.0.0":
  version: 40.2.0
  resolution: "@ckeditor/ckeditor5-essentials@npm:40.2.0"
  dependencies:
    ckeditor5: "npm:40.2.0"
  checksum: 9926f94923221d914e8f4fe364ce35bea22dc7e15eb5046d7e91b9ad175cd1f25088f90f3f893753fa6f56b101ca1d810932386f7ed9639d3a575ef7301da4e0
  languageName: node
  linkType: hard

"@ckeditor/ckeditor5-find-and-replace@npm:^40.0.0":
  version: 40.2.0
  resolution: "@ckeditor/ckeditor5-find-and-replace@npm:40.2.0"
  dependencies:
    "@ckeditor/ckeditor5-ui": "npm:40.2.0"
    ckeditor5: "npm:40.2.0"
    lodash-es: "npm:4.17.21"
  checksum: 49d07e9a261efde526eded940db493c306bf6140ce79fd2bcc23476e0af9195ce591479cdfd1366ade3521f635ccbf57321145ec4c2d1ee473a3930fc55aa79c
  languageName: node
  linkType: hard

"@ckeditor/ckeditor5-font@npm:^40.0.0":
  version: 40.2.0
  resolution: "@ckeditor/ckeditor5-font@npm:40.2.0"
  dependencies:
    ckeditor5: "npm:40.2.0"
  checksum: d05aef8e9fca3798f83036e990915806dd888524aca9cc06c4ea53fbfb1ab09c084cc7b51f255545f6425535d563ebea42849e654c3a019a08f1ce7a90da7fb7
  languageName: node
  linkType: hard

"@ckeditor/ckeditor5-heading@npm:^40.0.0":
  version: 40.2.0
  resolution: "@ckeditor/ckeditor5-heading@npm:40.2.0"
  dependencies:
    ckeditor5: "npm:40.2.0"
  checksum: 8608a27c435fee332b87628e4e50944caf68c8cfc133758efd8272bbab0c20d3fa8bc8f863795dd9aac6c4af0abdfd1913b3dbf27ac6f2b65529eb81fd754f01
  languageName: node
  linkType: hard

"@ckeditor/ckeditor5-highlight@npm:^40.0.0":
  version: 40.2.0
  resolution: "@ckeditor/ckeditor5-highlight@npm:40.2.0"
  dependencies:
    ckeditor5: "npm:40.2.0"
  checksum: 9c0ac66092ab1abe1757b9b93a69c2e5b4e8d9bef67818627b834c2f8ccdefd5cbb792cf574245d7c5b88a538707beff34de3f91085f55a323cf32b18812d021
  languageName: node
  linkType: hard

"@ckeditor/ckeditor5-horizontal-line@npm:^40.0.0":
  version: 40.2.0
  resolution: "@ckeditor/ckeditor5-horizontal-line@npm:40.2.0"
  dependencies:
    ckeditor5: "npm:40.2.0"
  checksum: f67f69cb8ed422985db52de116529e625c7b6fa94799276845a3b2344df1810a11f3972556f6bfff2f1ec8a20a87fb8599f2c8956aa0c9ffa028710e69f92df6
  languageName: node
  linkType: hard

"@ckeditor/ckeditor5-html-embed@npm:^40.0.0":
  version: 40.2.0
  resolution: "@ckeditor/ckeditor5-html-embed@npm:40.2.0"
  dependencies:
    ckeditor5: "npm:40.2.0"
  checksum: 4aacba7a1013c6f6b561b4b65af8021654d1c998fcf6c5d91778b08f6c8d027fc19af70a6f0f40d866e1b5d95dfd5fa1d9963653d43a838bb14a18ed56295c0e
  languageName: node
  linkType: hard

"@ckeditor/ckeditor5-image@npm:^40.0.0":
  version: 40.2.0
  resolution: "@ckeditor/ckeditor5-image@npm:40.2.0"
  dependencies:
    "@ckeditor/ckeditor5-ui": "npm:40.2.0"
    ckeditor5: "npm:40.2.0"
    lodash-es: "npm:4.17.21"
  checksum: 966079192bf93692d494909aec1767db344063b49a7b42717509af424a4e110947394f1779b640450878caf163bdb7d4469ab0501078c41d04fbcfc6f23ec7a8
  languageName: node
  linkType: hard

"@ckeditor/ckeditor5-indent@npm:^40.0.0":
  version: 40.2.0
  resolution: "@ckeditor/ckeditor5-indent@npm:40.2.0"
  dependencies:
    ckeditor5: "npm:40.2.0"
  checksum: 684a5cec02b84839189140461dc8086f002b5e8543e0cc8f05b089596e9b91a4a7399acfc0832db4aae5e819dc68665034ead5a58b55dd15dfd9ca8c6888d83a
  languageName: node
  linkType: hard

"@ckeditor/ckeditor5-language@npm:^40.0.0":
  version: 40.2.0
  resolution: "@ckeditor/ckeditor5-language@npm:40.2.0"
  dependencies:
    ckeditor5: "npm:40.2.0"
  checksum: 37e6bfad56b679eaa4a46d925178801872ea4f86b0a9e7003cb5933301fd79542f3041c6adf8863c0e770c578d6a60ccd63401850dcb4ff6db427113fa84c7b7
  languageName: node
  linkType: hard

"@ckeditor/ckeditor5-link@npm:^40.0.0":
  version: 40.2.0
  resolution: "@ckeditor/ckeditor5-link@npm:40.2.0"
  dependencies:
    "@ckeditor/ckeditor5-ui": "npm:40.2.0"
    ckeditor5: "npm:40.2.0"
    lodash-es: "npm:4.17.21"
  checksum: cd7f9e684bedab15d17cc69667669be4b7395b0a9b4ba2b2e0db31eae6887cfb7e9ccb1b87c6d8144fdd21e55447c259273991134d69c4490be4fd8a9b887e5c
  languageName: node
  linkType: hard

"@ckeditor/ckeditor5-list@npm:^40.0.0":
  version: 40.2.0
  resolution: "@ckeditor/ckeditor5-list@npm:40.2.0"
  dependencies:
    ckeditor5: "npm:40.2.0"
  checksum: 6de15b9d1bc16faa0ee317f1beedebc7b073391b2bf371896218081667e4c122cdb81e884512e148ef9a92fbd6659ee9f3541387e719680f7c1e9b18e26a5e0f
  languageName: node
  linkType: hard

"@ckeditor/ckeditor5-markdown-gfm@npm:^40.0.0":
  version: 40.2.0
  resolution: "@ckeditor/ckeditor5-markdown-gfm@npm:40.2.0"
  dependencies:
    ckeditor5: "npm:40.2.0"
    marked: "npm:4.0.12"
    turndown: "npm:6.0.0"
    turndown-plugin-gfm: "npm:1.0.2"
  checksum: a481116f8ca65d799363f5b452c1f9c220e82525a35f52d5b7cd3e6e7ae7c95c47f2a56549731db7f16f10a07f7ff26c508e2eb05f68e497b0add51cf3e2a8b9
  languageName: node
  linkType: hard

"@ckeditor/ckeditor5-page-break@npm:^40.0.0":
  version: 40.2.0
  resolution: "@ckeditor/ckeditor5-page-break@npm:40.2.0"
  dependencies:
    ckeditor5: "npm:40.2.0"
  checksum: a91203ebba9db7bdadcf8ca0294d93e3b7e738ad812d7a2971124e654b64881b4b5a3b6acff5edc42edb6b03cd880cafafcc85ca925b3701aea92617354818e5
  languageName: node
  linkType: hard

"@ckeditor/ckeditor5-paragraph@npm:39.0.2":
  version: 39.0.2
  resolution: "@ckeditor/ckeditor5-paragraph@npm:39.0.2"
  dependencies:
    "@ckeditor/ckeditor5-core": "npm:39.0.2"
    "@ckeditor/ckeditor5-ui": "npm:39.0.2"
    "@ckeditor/ckeditor5-utils": "npm:39.0.2"
  checksum: c2d9f9c74f807b1614bf84670d41fd8eb0f002eba936d75094dc26921533134a6b94a8fc9625d28f25713c582b6421f4c708cd8a4636c36fdd587f9a3ac89285
  languageName: node
  linkType: hard

"@ckeditor/ckeditor5-paragraph@npm:40.2.0, @ckeditor/ckeditor5-paragraph@npm:^40.0.0":
  version: 40.2.0
  resolution: "@ckeditor/ckeditor5-paragraph@npm:40.2.0"
  dependencies:
    "@ckeditor/ckeditor5-core": "npm:40.2.0"
    "@ckeditor/ckeditor5-ui": "npm:40.2.0"
    "@ckeditor/ckeditor5-utils": "npm:40.2.0"
  checksum: 6e63a88ff6ef829490e6662f54283e026225c28354381a90ffb48d77365e5aed71dca11c2ff883c92294482884ac35844c53208b997978370c96398d0d3f81a7
  languageName: node
  linkType: hard

"@ckeditor/ckeditor5-paste-from-office@npm:^40.0.0":
  version: 40.2.0
  resolution: "@ckeditor/ckeditor5-paste-from-office@npm:40.2.0"
  dependencies:
    ckeditor5: "npm:40.2.0"
  checksum: 74104389029127ca7a7da1da8d83631674a8a1ac32e4d0814c6a3c174edd8d345590ade898e83a4bd2afdbfea649be968a53645805a282bb0ddc8a30188db046
  languageName: node
  linkType: hard

"@ckeditor/ckeditor5-react@npm:^6.1.0":
  version: 6.1.0
  resolution: "@ckeditor/ckeditor5-react@npm:6.1.0"
  dependencies:
    prop-types: "npm:^15.7.2"
  peerDependencies:
    "@ckeditor/ckeditor5-core": ">=37.0.0"
    "@ckeditor/ckeditor5-engine": ">=37.0.0"
    "@ckeditor/ckeditor5-utils": ">=37.0.0"
    "@ckeditor/ckeditor5-watchdog": ">=37.0.0"
    react: ^16.13.1 || ^17.0.0 || ^18.0.0
  checksum: 5136f532930f803bc88821f3a207732a887d5864996720a3aeb11fa2e79ee310001ad855e13918a37a0b8c17d0c48152b46e4339c3672ad73a2c30810d0f55c8
  languageName: node
  linkType: hard

"@ckeditor/ckeditor5-remove-format@npm:^40.0.0":
  version: 40.2.0
  resolution: "@ckeditor/ckeditor5-remove-format@npm:40.2.0"
  dependencies:
    ckeditor5: "npm:40.2.0"
  checksum: 11610bbb4249d6f6c55ab4fb646bc5222dacb24aa33b6aa71a015347b9a191af5f0c8d9bb2cf0be980de25ef05523021ceaa5d16d30e1244f389db9ce3d5cd4b
  languageName: node
  linkType: hard

"@ckeditor/ckeditor5-select-all@npm:39.0.2":
  version: 39.0.2
  resolution: "@ckeditor/ckeditor5-select-all@npm:39.0.2"
  dependencies:
    "@ckeditor/ckeditor5-core": "npm:39.0.2"
    "@ckeditor/ckeditor5-ui": "npm:39.0.2"
    "@ckeditor/ckeditor5-utils": "npm:39.0.2"
  checksum: a1027f9dfa1727cef84cc9c2649155160506d7f277651fd653c2d49419bcf515077d11720d1731a568aceecbceedcfa2f328aad59ebcfa26ebc721666e6693fe
  languageName: node
  linkType: hard

"@ckeditor/ckeditor5-select-all@npm:40.2.0":
  version: 40.2.0
  resolution: "@ckeditor/ckeditor5-select-all@npm:40.2.0"
  dependencies:
    "@ckeditor/ckeditor5-core": "npm:40.2.0"
    "@ckeditor/ckeditor5-ui": "npm:40.2.0"
    "@ckeditor/ckeditor5-utils": "npm:40.2.0"
  checksum: b013216a007d178c5d9a5fb3a9a3a02d7609c8ab69d38f30c3661e3133db8a5b81b67f5762a024670af8a39f9e49eacd7480738c23f03e7b4178cc47ed227a29
  languageName: node
  linkType: hard

"@ckeditor/ckeditor5-source-editing@npm:^40.2.0":
  version: 40.2.0
  resolution: "@ckeditor/ckeditor5-source-editing@npm:40.2.0"
  dependencies:
    "@ckeditor/ckeditor5-theme-lark": "npm:40.2.0"
    ckeditor5: "npm:40.2.0"
  checksum: 6fd5a4a9874aa6b7db7e8fa8b244526594065eba54f16c9ec3386e66e7b3a86eaa4cd613813851d5e909a66a7f30347dd3e3ce5d0a390c380ce71d84ea493b9a
  languageName: node
  linkType: hard

"@ckeditor/ckeditor5-special-characters@npm:^40.0.0":
  version: 40.2.0
  resolution: "@ckeditor/ckeditor5-special-characters@npm:40.2.0"
  dependencies:
    ckeditor5: "npm:40.2.0"
  checksum: ee6fb1f600a7ca6da4a9e287e8907ebf607bb43679ee39a5f0c0df0e952b18d761deb037f020f07ba743d6ba97959ea8415affd5cdbeed27a0c0c7979980c86b
  languageName: node
  linkType: hard

"@ckeditor/ckeditor5-table@npm:^40.0.0":
  version: 40.2.0
  resolution: "@ckeditor/ckeditor5-table@npm:40.2.0"
  dependencies:
    ckeditor5: "npm:40.2.0"
    lodash-es: "npm:4.17.21"
  checksum: 0ebb51321eb23200efff9d39b8d3a123ea18d4017482b63ceb68af3d412acc0bc5f661033f3aae0b93b2f2ec2040a16d0d6309c2cf7731cb47870c64909c5e6b
  languageName: node
  linkType: hard

"@ckeditor/ckeditor5-theme-lark@npm:40.2.0, @ckeditor/ckeditor5-theme-lark@npm:^40.0.0":
  version: 40.2.0
  resolution: "@ckeditor/ckeditor5-theme-lark@npm:40.2.0"
  dependencies:
    "@ckeditor/ckeditor5-ui": "npm:40.2.0"
  checksum: c3a6ee324741d0b1ef96c488e761b1774ac00e633560d72c247af8a3289c23faf97acf42e410899b8ce4e94d3aabbef3ad3d5dbbc2ebdbff96b4d7e6d2381f81
  languageName: node
  linkType: hard

"@ckeditor/ckeditor5-typing@npm:39.0.2":
  version: 39.0.2
  resolution: "@ckeditor/ckeditor5-typing@npm:39.0.2"
  dependencies:
    "@ckeditor/ckeditor5-core": "npm:39.0.2"
    "@ckeditor/ckeditor5-engine": "npm:39.0.2"
    "@ckeditor/ckeditor5-utils": "npm:39.0.2"
    lodash-es: "npm:4.17.21"
  checksum: a1329e47f4f28cb901d5aa3accbb3e3825f20582b444fe4ef19a7a1c21743337ae8c446a62425fa331e09b356fc1e89574606ef203b9b103887bca0c63a389d0
  languageName: node
  linkType: hard

"@ckeditor/ckeditor5-typing@npm:40.2.0":
  version: 40.2.0
  resolution: "@ckeditor/ckeditor5-typing@npm:40.2.0"
  dependencies:
    "@ckeditor/ckeditor5-core": "npm:40.2.0"
    "@ckeditor/ckeditor5-engine": "npm:40.2.0"
    "@ckeditor/ckeditor5-utils": "npm:40.2.0"
    lodash-es: "npm:4.17.21"
  checksum: f505a1c7a11d49d88f804eb33753d56072d2be1c9660cdf1931feb16490d212f540115a5547db4599c1759ffa8a096845b8e8208236e8e5e2735f13575bcd794
  languageName: node
  linkType: hard

"@ckeditor/ckeditor5-ui@npm:39.0.2":
  version: 39.0.2
  resolution: "@ckeditor/ckeditor5-ui@npm:39.0.2"
  dependencies:
    "@ckeditor/ckeditor5-core": "npm:39.0.2"
    "@ckeditor/ckeditor5-utils": "npm:39.0.2"
    color-convert: "npm:2.0.1"
    color-parse: "npm:1.4.2"
    lodash-es: "npm:4.17.21"
    vanilla-colorful: "npm:0.7.2"
  checksum: 729ff649e2a22598662db28e737e16178995090c9372e220fea8a11428dc4eca60abd16b34c26b21653d5cca2cdf19ba615607a8b8013984e87407732637fa9f
  languageName: node
  linkType: hard

"@ckeditor/ckeditor5-ui@npm:40.2.0":
  version: 40.2.0
  resolution: "@ckeditor/ckeditor5-ui@npm:40.2.0"
  dependencies:
    "@ckeditor/ckeditor5-core": "npm:40.2.0"
    "@ckeditor/ckeditor5-utils": "npm:40.2.0"
    color-convert: "npm:2.0.1"
    color-parse: "npm:1.4.2"
    lodash-es: "npm:4.17.21"
    vanilla-colorful: "npm:0.7.2"
  checksum: d466ede741e27eacf208dd89d678ddc471e110a3ad3676fe349d71970c907b9e0355803c69303174a22c4ba49e92a87ed5f9c13633cb764b146ab01f0855bb2e
  languageName: node
  linkType: hard

"@ckeditor/ckeditor5-undo@npm:39.0.2":
  version: 39.0.2
  resolution: "@ckeditor/ckeditor5-undo@npm:39.0.2"
  dependencies:
    "@ckeditor/ckeditor5-core": "npm:39.0.2"
    "@ckeditor/ckeditor5-engine": "npm:39.0.2"
    "@ckeditor/ckeditor5-ui": "npm:39.0.2"
  checksum: c0ead5786f313e33a26948683d2b21c248c258f205817207c456c886d413f64b408e6d28d6ab9a0baa736d83c686d203837ec20c73f934753e9bad3ec7e39e9c
  languageName: node
  linkType: hard

"@ckeditor/ckeditor5-undo@npm:40.2.0":
  version: 40.2.0
  resolution: "@ckeditor/ckeditor5-undo@npm:40.2.0"
  dependencies:
    "@ckeditor/ckeditor5-core": "npm:40.2.0"
    "@ckeditor/ckeditor5-engine": "npm:40.2.0"
    "@ckeditor/ckeditor5-ui": "npm:40.2.0"
  checksum: 54d4fc9435edb3c6a3b628e05844d418df6093020e77129f81c968db91bccaa11634aef8b4393113aef0f8a4878e1150bf48985c4fc81f230f87a94aa78a84a7
  languageName: node
  linkType: hard

"@ckeditor/ckeditor5-upload@npm:39.0.2":
  version: 39.0.2
  resolution: "@ckeditor/ckeditor5-upload@npm:39.0.2"
  dependencies:
    "@ckeditor/ckeditor5-core": "npm:39.0.2"
    "@ckeditor/ckeditor5-ui": "npm:39.0.2"
    "@ckeditor/ckeditor5-utils": "npm:39.0.2"
  checksum: d60642c3613ecd5bbc7556e98f5ce9ead29c1a2e16942b5d7b7710c9d59788e4dd08460f1eb77fbac37dc2c9f76cb3e16996ff006cedadc53784c4c242461174
  languageName: node
  linkType: hard

"@ckeditor/ckeditor5-upload@npm:40.2.0, @ckeditor/ckeditor5-upload@npm:^40.0.0":
  version: 40.2.0
  resolution: "@ckeditor/ckeditor5-upload@npm:40.2.0"
  dependencies:
    "@ckeditor/ckeditor5-core": "npm:40.2.0"
    "@ckeditor/ckeditor5-ui": "npm:40.2.0"
    "@ckeditor/ckeditor5-utils": "npm:40.2.0"
  checksum: 0cdff9ade49a2cf6cb37c07b32c15e567c1807f2db01afec4b997b0a3c4463a74f767feac644314f2d87b3871c0eb75398aba9a80350dea2f77b42753cf9efe7
  languageName: node
  linkType: hard

"@ckeditor/ckeditor5-utils@npm:39.0.2":
  version: 39.0.2
  resolution: "@ckeditor/ckeditor5-utils@npm:39.0.2"
  dependencies:
    lodash-es: "npm:4.17.21"
  checksum: 527b55c29cb2d91ffda246e052cedb5d6243104a809f882056be69a70d0e8a05391bbf1cea5bc88eff0401d92a754c889fa377a1831e78b3f7a1feb4c0c0ace6
  languageName: node
  linkType: hard

"@ckeditor/ckeditor5-utils@npm:40.2.0":
  version: 40.2.0
  resolution: "@ckeditor/ckeditor5-utils@npm:40.2.0"
  dependencies:
    lodash-es: "npm:4.17.21"
  checksum: 747fde20b06f4442e4f586981421823a032d75af9afbeabd40b70b112c7a43050f38bd4ed8bfe4de5a8781661f2aa3f3de102a6f99a17a18f798e670468b7ee5
  languageName: node
  linkType: hard

"@ckeditor/ckeditor5-watchdog@npm:39.0.2":
  version: 39.0.2
  resolution: "@ckeditor/ckeditor5-watchdog@npm:39.0.2"
  dependencies:
    lodash-es: "npm:4.17.21"
  checksum: 4af80a1153460714f5c072ca1a58ff71b810964560098a47f52699be32112554b5cb31fe6c755e3cc47235645942280030f9bcf9348a61088969853ef4e4c36a
  languageName: node
  linkType: hard

"@ckeditor/ckeditor5-watchdog@npm:40.2.0":
  version: 40.2.0
  resolution: "@ckeditor/ckeditor5-watchdog@npm:40.2.0"
  dependencies:
    lodash-es: "npm:4.17.21"
  checksum: 10cf2e2ed824090555081f4854809e2939fc237ebc6e201cceae1be9f01d14185d21d1241446a009e52bea6ed4ceab0080324b9384d116b405ac5d91655638ee
  languageName: node
  linkType: hard

"@ckeditor/ckeditor5-widget@npm:39.0.2":
  version: 39.0.2
  resolution: "@ckeditor/ckeditor5-widget@npm:39.0.2"
  dependencies:
    "@ckeditor/ckeditor5-core": "npm:39.0.2"
    "@ckeditor/ckeditor5-engine": "npm:39.0.2"
    "@ckeditor/ckeditor5-enter": "npm:39.0.2"
    "@ckeditor/ckeditor5-typing": "npm:39.0.2"
    "@ckeditor/ckeditor5-ui": "npm:39.0.2"
    "@ckeditor/ckeditor5-utils": "npm:39.0.2"
    lodash-es: "npm:4.17.21"
  checksum: d84bf4e02a93f3891ea8e298936fec35782b4b73e7a22a05532dd03e26e3ec64eb8cce35a815e526fd8db6f346d07ee973aff6b793f1a10bd901f9214e65f732
  languageName: node
  linkType: hard

"@ckeditor/ckeditor5-widget@npm:40.2.0":
  version: 40.2.0
  resolution: "@ckeditor/ckeditor5-widget@npm:40.2.0"
  dependencies:
    "@ckeditor/ckeditor5-core": "npm:40.2.0"
    "@ckeditor/ckeditor5-engine": "npm:40.2.0"
    "@ckeditor/ckeditor5-enter": "npm:40.2.0"
    "@ckeditor/ckeditor5-typing": "npm:40.2.0"
    "@ckeditor/ckeditor5-ui": "npm:40.2.0"
    "@ckeditor/ckeditor5-utils": "npm:40.2.0"
    lodash-es: "npm:4.17.21"
  checksum: 5eaab1d32d041472d8dc7c59af1139e8b4f3dfbb07610ccc61c4366844e163ed5802c982f62365fe8d5f1e3be128577e1d8e2ce4a3f5bda28448cd3264aab7a3
  languageName: node
  linkType: hard

"@ckeditor/ckeditor5-word-count@npm:^40.0.0":
  version: 40.2.0
  resolution: "@ckeditor/ckeditor5-word-count@npm:40.2.0"
  dependencies:
    ckeditor5: "npm:40.2.0"
    lodash-es: "npm:4.17.21"
  checksum: ff125e62fc729897ff6d5ad5a847f5a0f91d4e7c7dda8875c2f1c7ecdffb7c6f5233651b8add41b903d3cd4517fbb37900e41794e51f1e244a44c5898a0451f8
  languageName: node
  linkType: hard

"@kingesport/liberogaming-strapi-plugin-ckeditor@workspace:.":
  version: 0.0.0-use.local
  resolution: "@kingesport/liberogaming-strapi-plugin-ckeditor@workspace:."
  dependencies:
    "@ckeditor/ckeditor5-alignment": "npm:^40.0.0"
    "@ckeditor/ckeditor5-autoformat": "npm:^40.0.0"
    "@ckeditor/ckeditor5-autosave": "npm:^40.0.0"
    "@ckeditor/ckeditor5-basic-styles": "npm:^40.0.0"
    "@ckeditor/ckeditor5-block-quote": "npm:^40.0.0"
    "@ckeditor/ckeditor5-code-block": "npm:^40.0.0"
    "@ckeditor/ckeditor5-easy-image": "npm:^40.0.0"
    "@ckeditor/ckeditor5-editor-classic": "npm:^40.0.0"
    "@ckeditor/ckeditor5-essentials": "npm:^40.0.0"
    "@ckeditor/ckeditor5-find-and-replace": "npm:^40.0.0"
    "@ckeditor/ckeditor5-font": "npm:^40.0.0"
    "@ckeditor/ckeditor5-heading": "npm:^40.0.0"
    "@ckeditor/ckeditor5-highlight": "npm:^40.0.0"
    "@ckeditor/ckeditor5-horizontal-line": "npm:^40.0.0"
    "@ckeditor/ckeditor5-html-embed": "npm:^40.0.0"
    "@ckeditor/ckeditor5-image": "npm:^40.0.0"
    "@ckeditor/ckeditor5-indent": "npm:^40.0.0"
    "@ckeditor/ckeditor5-language": "npm:^40.0.0"
    "@ckeditor/ckeditor5-link": "npm:^40.0.0"
    "@ckeditor/ckeditor5-list": "npm:^40.0.0"
    "@ckeditor/ckeditor5-markdown-gfm": "npm:^40.0.0"
    "@ckeditor/ckeditor5-page-break": "npm:^40.0.0"
    "@ckeditor/ckeditor5-paragraph": "npm:^40.0.0"
    "@ckeditor/ckeditor5-paste-from-office": "npm:^40.0.0"
    "@ckeditor/ckeditor5-react": "npm:^6.1.0"
    "@ckeditor/ckeditor5-remove-format": "npm:^40.0.0"
    "@ckeditor/ckeditor5-source-editing": "npm:^40.2.0"
    "@ckeditor/ckeditor5-special-characters": "npm:^40.0.0"
    "@ckeditor/ckeditor5-table": "npm:^40.0.0"
    "@ckeditor/ckeditor5-theme-lark": "npm:^40.0.0"
    "@ckeditor/ckeditor5-upload": "npm:^40.0.0"
    "@ckeditor/ckeditor5-word-count": "npm:^40.0.0"
    "@reinmar/ckeditor5-maximum-length": "npm:^0.0.1"
    ckeditor5: "npm:^40.0.0"
  peerDependencies:
    "@strapi/strapi": ^4.4.0
  languageName: unknown
  linkType: soft

"@reinmar/ckeditor5-maximum-length@npm:^0.0.1":
  version: 0.0.1
  resolution: "@reinmar/ckeditor5-maximum-length@npm:0.0.1"
  dependencies:
    ckeditor5: "npm:>=35.1.0"
  checksum: 90d881ffbf2fbf9b3a434cef287ff76e035689d5d024359c6ac862b72b31d3aaa5f609b1bada27214c4a23277517a3abd9c25f7da11fa3f84a07b97b3abe4a89
  languageName: node
  linkType: hard

"@tootallnate/once@npm:1":
  version: 1.1.2
  resolution: "@tootallnate/once@npm:1.1.2"
  checksum: 8fe4d006e90422883a4fa9339dd05a83ff626806262e1710cee5758d493e8cbddf2db81c0e4690636dc840b02c9fda62877866ea774ebd07c1777ed5fafbdec6
  languageName: node
  linkType: hard

"abab@npm:^2.0.3, abab@npm:^2.0.5":
  version: 2.0.6
  resolution: "abab@npm:2.0.6"
  checksum: 0b245c3c3ea2598fe0025abf7cc7bb507b06949d51e8edae5d12c1b847a0a0c09639abcb94788332b4e2044ac4491c1e8f571b51c7826fd4b0bda1685ad4a278
  languageName: node
  linkType: hard

"acorn-globals@npm:^6.0.0":
  version: 6.0.0
  resolution: "acorn-globals@npm:6.0.0"
  dependencies:
    acorn: "npm:^7.1.1"
    acorn-walk: "npm:^7.1.1"
  checksum: 5f92390a3fd7e5a4f84fe976d4650e2a33ecf27135aa9efc5406e3406df7f00a1bbb00648ee0c8058846f55ad0924ff574e6c73395705690e754589380a41801
  languageName: node
  linkType: hard

"acorn-walk@npm:^7.1.1":
  version: 7.2.0
  resolution: "acorn-walk@npm:7.2.0"
  checksum: ff99f3406ed8826f7d6ef6ac76b7608f099d45a1ff53229fa267125da1924188dbacf02e7903dfcfd2ae4af46f7be8847dc7d564c73c4e230dfb69c8ea8e6b4c
  languageName: node
  linkType: hard

"acorn@npm:^7.1.1":
  version: 7.4.1
  resolution: "acorn@npm:7.4.1"
  bin:
    acorn: bin/acorn
  checksum: bd0b2c2b0f334bbee48828ff897c12bd2eb5898d03bf556dcc8942022cec795ac5bb5b6b585e2de687db6231faf07e096b59a361231dd8c9344d5df5f7f0e526
  languageName: node
  linkType: hard

"acorn@npm:^8.2.4":
  version: 8.10.0
  resolution: "acorn@npm:8.10.0"
  bin:
    acorn: bin/acorn
  checksum: deaeebfbea6e40f6c0e1070e9b0e16e76ba484de54cbd735914d1d41d19169a450de8630b7a3a0c4e271a3b0c0b075a3427ad1a40d8a69f8747c0e8cb02ee3e2
  languageName: node
  linkType: hard

"agent-base@npm:6":
  version: 6.0.2
  resolution: "agent-base@npm:6.0.2"
  dependencies:
    debug: "npm:4"
  checksum: dc4f757e40b5f3e3d674bc9beb4f1048f4ee83af189bae39be99f57bf1f48dde166a8b0a5342a84b5944ee8e6ed1e5a9d801858f4ad44764e84957122fe46261
  languageName: node
  linkType: hard

"asynckit@npm:^0.4.0":
  version: 0.4.0
  resolution: "asynckit@npm:0.4.0"
  checksum: d73e2ddf20c4eb9337e1b3df1a0f6159481050a5de457c55b14ea2e5cb6d90bb69e004c9af54737a5ee0917fcf2c9e25de67777bbe58261847846066ba75bc9d
  languageName: node
  linkType: hard

"browser-process-hrtime@npm:^1.0.0":
  version: 1.0.0
  resolution: "browser-process-hrtime@npm:1.0.0"
  checksum: 65da78e51e9d7fa5909147f269c54c65ae2e03d1cf797cc3cfbbe49f475578b8160ce4a76c36c1a2ffbff26c74f937d73096c508057491ddf1a6dfd11143f72d
  languageName: node
  linkType: hard

"ckeditor5@npm:40.2.0, ckeditor5@npm:^40.0.0":
  version: 40.2.0
  resolution: "ckeditor5@npm:40.2.0"
  dependencies:
    "@ckeditor/ckeditor5-clipboard": "npm:40.2.0"
    "@ckeditor/ckeditor5-core": "npm:40.2.0"
    "@ckeditor/ckeditor5-engine": "npm:40.2.0"
    "@ckeditor/ckeditor5-enter": "npm:40.2.0"
    "@ckeditor/ckeditor5-paragraph": "npm:40.2.0"
    "@ckeditor/ckeditor5-select-all": "npm:40.2.0"
    "@ckeditor/ckeditor5-typing": "npm:40.2.0"
    "@ckeditor/ckeditor5-ui": "npm:40.2.0"
    "@ckeditor/ckeditor5-undo": "npm:40.2.0"
    "@ckeditor/ckeditor5-upload": "npm:40.2.0"
    "@ckeditor/ckeditor5-utils": "npm:40.2.0"
    "@ckeditor/ckeditor5-watchdog": "npm:40.2.0"
    "@ckeditor/ckeditor5-widget": "npm:40.2.0"
  checksum: 1808e35d53ea6da20f9cf46a55b786c1f2f66fdbf1551eb004f0e4a3bbeead2fbccc6f33bc63fc9a7fa567809b31b91911df310947160d3a6fcc7cd40ba10ccc
  languageName: node
  linkType: hard

"ckeditor5@npm:>=35.1.0":
  version: 39.0.2
  resolution: "ckeditor5@npm:39.0.2"
  dependencies:
    "@ckeditor/ckeditor5-clipboard": "npm:39.0.2"
    "@ckeditor/ckeditor5-core": "npm:39.0.2"
    "@ckeditor/ckeditor5-engine": "npm:39.0.2"
    "@ckeditor/ckeditor5-enter": "npm:39.0.2"
    "@ckeditor/ckeditor5-paragraph": "npm:39.0.2"
    "@ckeditor/ckeditor5-select-all": "npm:39.0.2"
    "@ckeditor/ckeditor5-typing": "npm:39.0.2"
    "@ckeditor/ckeditor5-ui": "npm:39.0.2"
    "@ckeditor/ckeditor5-undo": "npm:39.0.2"
    "@ckeditor/ckeditor5-upload": "npm:39.0.2"
    "@ckeditor/ckeditor5-utils": "npm:39.0.2"
    "@ckeditor/ckeditor5-watchdog": "npm:39.0.2"
    "@ckeditor/ckeditor5-widget": "npm:39.0.2"
  checksum: d04ad100e601bd2573adb0a858b75fa50a9945295abcec11a4829338b95f111fddf607381161c49f848dea0de941ab275363f3faffcc85d6a2f1b0fcc70bbf80
  languageName: node
  linkType: hard

"color-convert@npm:2.0.1":
  version: 2.0.1
  resolution: "color-convert@npm:2.0.1"
  dependencies:
    color-name: "npm:~1.1.4"
  checksum: 37e1150172f2e311fe1b2df62c6293a342ee7380da7b9cfdba67ea539909afbd74da27033208d01d6d5cfc65ee7868a22e18d7e7648e004425441c0f8a15a7d7
  languageName: node
  linkType: hard

"color-name@npm:^1.0.0, color-name@npm:~1.1.4":
  version: 1.1.4
  resolution: "color-name@npm:1.1.4"
  checksum: a1a3f914156960902f46f7f56bc62effc6c94e84b2cae157a526b1c1f74b677a47ec602bf68a61abfa2b42d15b7c5651c6dbe72a43af720bc588dff885b10f95
  languageName: node
  linkType: hard

"color-parse@npm:1.4.2":
  version: 1.4.2
  resolution: "color-parse@npm:1.4.2"
  dependencies:
    color-name: "npm:^1.0.0"
  checksum: 911e47271d6362f6535779c3b5cfddbdc1ca2160e253de83e36784bb223c0c41cf11c382fa4b1cb766fcb313bd891f51c24d0ff0a7afee3a92aa0daf792ac4ff
  languageName: node
  linkType: hard

"combined-stream@npm:^1.0.8":
  version: 1.0.8
  resolution: "combined-stream@npm:1.0.8"
  dependencies:
    delayed-stream: "npm:~1.0.0"
  checksum: 0dbb829577e1b1e839fa82b40c07ffaf7de8a09b935cadd355a73652ae70a88b4320db322f6634a4ad93424292fa80973ac6480986247f1734a1137debf271d5
  languageName: node
  linkType: hard

"cssom@npm:^0.4.4":
  version: 0.4.4
  resolution: "cssom@npm:0.4.4"
  checksum: 0d4fc70255ea3afbd4add79caffa3b01720929da91105340600d8c0f06c31716f933c6314c3d43b62b57c9637bc2eb35296a9e2db427e8b572ee38a4be2b5f82
  languageName: node
  linkType: hard

"cssom@npm:~0.3.6":
  version: 0.3.8
  resolution: "cssom@npm:0.3.8"
  checksum: d74017b209440822f9e24d8782d6d2e808a8fdd58fa626a783337222fe1c87a518ba944d4c88499031b4786e68772c99dfae616638d71906fe9f203aeaf14411
  languageName: node
  linkType: hard

"cssstyle@npm:^2.3.0":
  version: 2.3.0
  resolution: "cssstyle@npm:2.3.0"
  dependencies:
    cssom: "npm:~0.3.6"
  checksum: 863400da2a458f73272b9a55ba7ff05de40d850f22eb4f37311abebd7eff801cf1cd2fb04c4c92b8c3daed83fe766e52e4112afb7bc88d86c63a9c2256a7d178
  languageName: node
  linkType: hard

"data-urls@npm:^2.0.0":
  version: 2.0.0
  resolution: "data-urls@npm:2.0.0"
  dependencies:
    abab: "npm:^2.0.3"
    whatwg-mimetype: "npm:^2.3.0"
    whatwg-url: "npm:^8.0.0"
  checksum: 1246442178eb756afb1d99e54669a119eafb3e69c73300d14089687c50c64f9feadd93c973f496224a12f89daa94267a6114aecd70e9b279c09d908c5be44d01
  languageName: node
  linkType: hard

"debug@npm:4":
  version: 4.3.4
  resolution: "debug@npm:4.3.4"
  dependencies:
    ms: "npm:2.1.2"
  peerDependenciesMeta:
    supports-color:
      optional: true
  checksum: cedbec45298dd5c501d01b92b119cd3faebe5438c3917ff11ae1bff86a6c722930ac9c8659792824013168ba6db7c4668225d845c633fbdafbbf902a6389f736
  languageName: node
  linkType: hard

"decimal.js@npm:^10.2.1":
  version: 10.4.3
  resolution: "decimal.js@npm:10.4.3"
  checksum: 6d60206689ff0911f0ce968d40f163304a6c1bc739927758e6efc7921cfa630130388966f16bf6ef6b838cb33679fbe8e7a78a2f3c478afce841fd55ac8fb8ee
  languageName: node
  linkType: hard

"delayed-stream@npm:~1.0.0":
  version: 1.0.0
  resolution: "delayed-stream@npm:1.0.0"
  checksum: d758899da03392e6712f042bec80aa293bbe9e9ff1b2634baae6a360113e708b91326594c8a486d475c69d6259afb7efacdc3537bfcda1c6c648e390ce601b19
  languageName: node
  linkType: hard

"domexception@npm:^2.0.1":
  version: 2.0.1
  resolution: "domexception@npm:2.0.1"
  dependencies:
    webidl-conversions: "npm:^5.0.0"
  checksum: 24a3a07b85420671bc805ead7305e0f2ec9e55f104889b64c5a9fa7d93681e514f05c65f947bd9401b3da67f77b92fe7861bd15f4d0d418c4d32e34a2cd55d38
  languageName: node
  linkType: hard

"escodegen@npm:^2.0.0":
  version: 2.1.0
  resolution: "escodegen@npm:2.1.0"
  dependencies:
    esprima: "npm:^4.0.1"
    estraverse: "npm:^5.2.0"
    esutils: "npm:^2.0.2"
    source-map: "npm:~0.6.1"
  dependenciesMeta:
    source-map:
      optional: true
  bin:
    escodegen: bin/escodegen.js
    esgenerate: bin/esgenerate.js
  checksum: e1450a1f75f67d35c061bf0d60888b15f62ab63aef9df1901cffc81cffbbb9e8b3de237c5502cf8613a017c1df3a3003881307c78835a1ab54d8c8d2206e01d3
  languageName: node
  linkType: hard

"esprima@npm:^4.0.1":
  version: 4.0.1
  resolution: "esprima@npm:4.0.1"
  bin:
    esparse: ./bin/esparse.js
    esvalidate: ./bin/esvalidate.js
  checksum: ad4bab9ead0808cf56501750fd9d3fb276f6b105f987707d059005d57e182d18a7c9ec7f3a01794ebddcca676773e42ca48a32d67a250c9d35e009ca613caba3
  languageName: node
  linkType: hard

"estraverse@npm:^5.2.0":
  version: 5.3.0
  resolution: "estraverse@npm:5.3.0"
  checksum: 1ff9447b96263dec95d6d67431c5e0771eb9776427421260a3e2f0fdd5d6bd4f8e37a7338f5ad2880c9f143450c9b1e4fc2069060724570a49cf9cf0312bd107
  languageName: node
  linkType: hard

"esutils@npm:^2.0.2":
  version: 2.0.3
  resolution: "esutils@npm:2.0.3"
  checksum: 9a2fe69a41bfdade834ba7c42de4723c97ec776e40656919c62cbd13607c45e127a003f05f724a1ea55e5029a4cf2de444b13009f2af71271e42d93a637137c7
  languageName: node
  linkType: hard

"form-data@npm:^3.0.0":
  version: 3.0.1
  resolution: "form-data@npm:3.0.1"
  dependencies:
    asynckit: "npm:^0.4.0"
    combined-stream: "npm:^1.0.8"
    mime-types: "npm:^2.1.12"
  checksum: 1ccc3ae064a080a799923f754d49fcebdd90515a8924f0f54de557540b50e7f1fe48ba5f2bd0435a5664aa2d49729107e6aaf2155a9abf52339474c5638b4485
  languageName: node
  linkType: hard

"html-encoding-sniffer@npm:^2.0.1":
  version: 2.0.1
  resolution: "html-encoding-sniffer@npm:2.0.1"
  dependencies:
    whatwg-encoding: "npm:^1.0.5"
  checksum: 6dc3aa2d35a8f0c8c7906ffb665dd24a88f7004f913fafdd3541d24a4da6182ab30c4a0a81387649a1234ecb90182c4136220ed12ae3dc1a57ed68e533dea416
  languageName: node
  linkType: hard

"http-proxy-agent@npm:^4.0.1":
  version: 4.0.1
  resolution: "http-proxy-agent@npm:4.0.1"
  dependencies:
    "@tootallnate/once": "npm:1"
    agent-base: "npm:6"
    debug: "npm:4"
  checksum: 4fa4774d65b5331814b74ac05cefea56854fc0d5989c80b13432c1b0d42a14c9f4342ca3ad9f0359a52e78da12b1744c9f8a28e50042136ea9171675d972a5fd
  languageName: node
  linkType: hard

"https-proxy-agent@npm:^5.0.0":
  version: 5.0.1
  resolution: "https-proxy-agent@npm:5.0.1"
  dependencies:
    agent-base: "npm:6"
    debug: "npm:4"
  checksum: 6dd639f03434003577c62b27cafdb864784ef19b2de430d8ae2a1d45e31c4fd60719e5637b44db1a88a046934307da7089e03d6089ec3ddacc1189d8de8897d1
  languageName: node
  linkType: hard

"iconv-lite@npm:0.4.24":
  version: 0.4.24
  resolution: "iconv-lite@npm:0.4.24"
  dependencies:
    safer-buffer: "npm:>= 2.1.2 < 3"
  checksum: c6886a24cc00f2a059767440ec1bc00d334a89f250db8e0f7feb4961c8727118457e27c495ba94d082e51d3baca378726cd110aaf7ded8b9bbfd6a44760cf1d4
  languageName: node
  linkType: hard

"is-potential-custom-element-name@npm:^1.0.1":
  version: 1.0.1
  resolution: "is-potential-custom-element-name@npm:1.0.1"
  checksum: b73e2f22bc863b0939941d369486d308b43d7aef1f9439705e3582bfccaa4516406865e32c968a35f97a99396dac84e2624e67b0a16b0a15086a785e16ce7db9
  languageName: node
  linkType: hard

"js-tokens@npm:^3.0.0 || ^4.0.0":
  version: 4.0.0
  resolution: "js-tokens@npm:4.0.0"
  checksum: e248708d377aa058eacf2037b07ded847790e6de892bbad3dac0abba2e759cb9f121b00099a65195616badcb6eca8d14d975cb3e89eb1cfda644756402c8aeed
  languageName: node
  linkType: hard

"jsdom@npm:^16.2.0":
  version: 16.7.0
  resolution: "jsdom@npm:16.7.0"
  dependencies:
    abab: "npm:^2.0.5"
    acorn: "npm:^8.2.4"
    acorn-globals: "npm:^6.0.0"
    cssom: "npm:^0.4.4"
    cssstyle: "npm:^2.3.0"
    data-urls: "npm:^2.0.0"
    decimal.js: "npm:^10.2.1"
    domexception: "npm:^2.0.1"
    escodegen: "npm:^2.0.0"
    form-data: "npm:^3.0.0"
    html-encoding-sniffer: "npm:^2.0.1"
    http-proxy-agent: "npm:^4.0.1"
    https-proxy-agent: "npm:^5.0.0"
    is-potential-custom-element-name: "npm:^1.0.1"
    nwsapi: "npm:^2.2.0"
    parse5: "npm:6.0.1"
    saxes: "npm:^5.0.1"
    symbol-tree: "npm:^3.2.4"
    tough-cookie: "npm:^4.0.0"
    w3c-hr-time: "npm:^1.0.2"
    w3c-xmlserializer: "npm:^2.0.0"
    webidl-conversions: "npm:^6.1.0"
    whatwg-encoding: "npm:^1.0.5"
    whatwg-mimetype: "npm:^2.3.0"
    whatwg-url: "npm:^8.5.0"
    ws: "npm:^7.4.6"
    xml-name-validator: "npm:^3.0.0"
  peerDependencies:
    canvas: ^2.5.0
  peerDependenciesMeta:
    canvas:
      optional: true
  checksum: e9ba6ea5f5e0d18647ccedec16bc3c69c8c739732ffcb27c66ffd3cc3f876add291ca4f0b9c209ace939ce2aa3ba9e4d67b7f05317921a4d3eab02fe1cc164ef
  languageName: node
  linkType: hard

"lodash-es@npm:4.17.21":
  version: 4.17.21
  resolution: "lodash-es@npm:4.17.21"
  checksum: fb407355f7e6cd523a9383e76e6b455321f0f153a6c9625e21a8827d10c54c2a2341bd2ae8d034358b60e07325e1330c14c224ff582d04612a46a4f0479ff2f2
  languageName: node
  linkType: hard

"lodash@npm:^4.7.0":
  version: 4.17.21
  resolution: "lodash@npm:4.17.21"
  checksum: d8cbea072bb08655bb4c989da418994b073a608dffa608b09ac04b43a791b12aeae7cd7ad919aa4c925f33b48490b5cfe6c1f71d827956071dae2e7bb3a6b74c
  languageName: node
  linkType: hard

"loose-envify@npm:^1.4.0":
  version: 1.4.0
  resolution: "loose-envify@npm:1.4.0"
  dependencies:
    js-tokens: "npm:^3.0.0 || ^4.0.0"
  bin:
    loose-envify: cli.js
  checksum: 655d110220983c1a4b9c0c679a2e8016d4b67f6e9c7b5435ff5979ecdb20d0813f4dec0a08674fcbdd4846a3f07edbb50a36811fd37930b94aaa0d9daceb017e
  languageName: node
  linkType: hard

"marked@npm:4.0.12":
  version: 4.0.12
  resolution: "marked@npm:4.0.12"
  bin:
    marked: bin/marked.js
  checksum: 45745e97c9e6538ae777e797dfe3d5b34b08584ee2d5a06f03775a00b5c8986616b1a17eacf4ece6a2103d100febf876b6b9234d5b37ebb2bb474894496914f4
  languageName: node
  linkType: hard

"mime-db@npm:1.52.0":
  version: 1.52.0
  resolution: "mime-db@npm:1.52.0"
  checksum: 0557a01deebf45ac5f5777fe7740b2a5c309c6d62d40ceab4e23da9f821899ce7a900b7ac8157d4548ddbb7beffe9abc621250e6d182b0397ec7f10c7b91a5aa
  languageName: node
  linkType: hard

"mime-types@npm:^2.1.12":
  version: 2.1.35
  resolution: "mime-types@npm:2.1.35"
  dependencies:
    mime-db: "npm:1.52.0"
  checksum: 82fb07ec56d8ff1fc999a84f2f217aa46cb6ed1033fefaabd5785b9a974ed225c90dc72fff460259e66b95b73648596dbcc50d51ed69cdf464af2d237d3149b2
  languageName: node
  linkType: hard

"ms@npm:2.1.2":
  version: 2.1.2
  resolution: "ms@npm:2.1.2"
  checksum: a437714e2f90dbf881b5191d35a6db792efbca5badf112f87b9e1c712aace4b4b9b742dd6537f3edf90fd6f684de897cec230abde57e87883766712ddda297cc
  languageName: node
  linkType: hard

"nwsapi@npm:^2.2.0":
  version: 2.2.7
  resolution: "nwsapi@npm:2.2.7"
  checksum: 44be198adae99208487a1c886c0a3712264f7bbafa44368ad96c003512fed2753d4e22890ca1e6edb2690c3456a169f2a3c33bfacde1905cf3bf01c7722464db
  languageName: node
  linkType: hard

"object-assign@npm:^4.1.1":
  version: 4.1.1
  resolution: "object-assign@npm:4.1.1"
  checksum: 1f4df9945120325d041ccf7b86f31e8bcc14e73d29171e37a7903050e96b81323784ec59f93f102ec635bcf6fa8034ba3ea0a8c7e69fa202b87ae3b6cec5a414
  languageName: node
  linkType: hard

"parse5@npm:6.0.1":
  version: 6.0.1
  resolution: "parse5@npm:6.0.1"
  checksum: 595821edc094ecbcfb9ddcb46a3e1fe3a718540f8320eff08b8cf6742a5114cce2d46d45f95c26191c11b184dcaf4e2960abcd9c5ed9eb9393ac9a37efcfdecb
  languageName: node
  linkType: hard

"prop-types@npm:^15.7.2":
  version: 15.8.1
  resolution: "prop-types@npm:15.8.1"
  dependencies:
    loose-envify: "npm:^1.4.0"
    object-assign: "npm:^4.1.1"
    react-is: "npm:^16.13.1"
  checksum: 59ece7ca2fb9838031d73a48d4becb9a7cc1ed10e610517c7d8f19a1e02fa47f7c27d557d8a5702bec3cfeccddc853579832b43f449e54635803f277b1c78077
  languageName: node
  linkType: hard

"psl@npm:^1.1.33":
  version: 1.9.0
  resolution: "psl@npm:1.9.0"
  checksum: 6a3f805fdab9442f44de4ba23880c4eba26b20c8e8e0830eff1cb31007f6825dace61d17203c58bfe36946842140c97a1ba7f67bc63ca2d88a7ee052b65d97ab
  languageName: node
  linkType: hard

"punycode@npm:^2.1.1":
  version: 2.3.0
  resolution: "punycode@npm:2.3.0"
  checksum: 8e6f7abdd3a6635820049e3731c623bbef3fedbf63bbc696b0d7237fdba4cefa069bc1fa62f2938b0fbae057550df7b5318f4a6bcece27f1907fc75c54160bee
  languageName: node
  linkType: hard

"querystringify@npm:^2.1.1":
  version: 2.2.0
  resolution: "querystringify@npm:2.2.0"
  checksum: 3258bc3dbdf322ff2663619afe5947c7926a6ef5fb78ad7d384602974c467fadfc8272af44f5eb8cddd0d011aae8fabf3a929a8eee4b86edcc0a21e6bd10f9aa
  languageName: node
  linkType: hard

"react-is@npm:^16.13.1":
  version: 16.13.1
  resolution: "react-is@npm:16.13.1"
  checksum: 33977da7a5f1a287936a0c85639fec6ca74f4f15ef1e59a6bc20338fc73dc69555381e211f7a3529b8150a1f71e4225525b41b60b52965bda53ce7d47377ada1
  languageName: node
  linkType: hard

"requires-port@npm:^1.0.0":
  version: 1.0.0
  resolution: "requires-port@npm:1.0.0"
  checksum: b2bfdd09db16c082c4326e573a82c0771daaf7b53b9ce8ad60ea46aa6e30aaf475fe9b164800b89f93b748d2c234d8abff945d2551ba47bf5698e04cd7713267
  languageName: node
  linkType: hard

"safer-buffer@npm:>= 2.1.2 < 3":
  version: 2.1.2
  resolution: "safer-buffer@npm:2.1.2"
  checksum: 7e3c8b2e88a1841c9671094bbaeebd94448111dd90a81a1f606f3f67708a6ec57763b3b47f06da09fc6054193e0e6709e77325415dc8422b04497a8070fa02d4
  languageName: node
  linkType: hard

"saxes@npm:^5.0.1":
  version: 5.0.1
  resolution: "saxes@npm:5.0.1"
  dependencies:
    xmlchars: "npm:^2.2.0"
  checksum: b7476c41dbe1c3a89907d2546fecfba234de5e66743ef914cde2603f47b19bed09732ab51b528ad0f98b958369d8be72b6f5af5c9cfad69972a73d061f0b3952
  languageName: node
  linkType: hard

"source-map@npm:~0.6.1":
  version: 0.6.1
  resolution: "source-map@npm:0.6.1"
  checksum: ab55398007c5e5532957cb0beee2368529618ac0ab372d789806f5718123cc4367d57de3904b4e6a4170eb5a0b0f41373066d02ca0735a0c4d75c7d328d3e011
  languageName: node
  linkType: hard

"symbol-tree@npm:^3.2.4":
  version: 3.2.4
  resolution: "symbol-tree@npm:3.2.4"
  checksum: dfbe201ae09ac6053d163578778c53aa860a784147ecf95705de0cd23f42c851e1be7889241495e95c37cabb058edb1052f141387bef68f705afc8f9dd358509
  languageName: node
  linkType: hard

"tough-cookie@npm:^4.0.0":
  version: 4.1.3
  resolution: "tough-cookie@npm:4.1.3"
  dependencies:
    psl: "npm:^1.1.33"
    punycode: "npm:^2.1.1"
    universalify: "npm:^0.2.0"
    url-parse: "npm:^1.5.3"
  checksum: 4fc0433a0cba370d57c4b240f30440c848906dee3180bb6e85033143c2726d322e7e4614abb51d42d111ebec119c4876ed8d7247d4113563033eebbc1739c831
  languageName: node
  linkType: hard

"tr46@npm:^2.1.0":
  version: 2.1.0
  resolution: "tr46@npm:2.1.0"
  dependencies:
    punycode: "npm:^2.1.1"
  checksum: 397f5c39d97c5fe29fa9bab73b03853be18ad2738b2c66ee5ce84ecb36b091bdaec493f9b3cee711d45f7678f342452600843264cc8242b591c8dc983146a6c4
  languageName: node
  linkType: hard

"turndown-plugin-gfm@npm:1.0.2":
  version: 1.0.2
  resolution: "turndown-plugin-gfm@npm:1.0.2"
  checksum: eb9bc20dbb08d5335231f9617d7440f14b35781f14a3a393d8f13fc8205afeb11a0a632d52da4548ab0fa353f315ca265462b24d368faf23258dccbe439182b9
  languageName: node
  linkType: hard

"turndown@npm:6.0.0":
  version: 6.0.0
  resolution: "turndown@npm:6.0.0"
  dependencies:
    jsdom: "npm:^16.2.0"
  checksum: 44efc671e27e2632af4c5352c46ec5699be37791e44468583b7c5c1cd4399962566b2be5e2b27df683b8cd48755a85fb892f904be7a37996fe0618f1bc1314ec
  languageName: node
  linkType: hard

"universalify@npm:^0.2.0":
  version: 0.2.0
  resolution: "universalify@npm:0.2.0"
  checksum: cedbe4d4ca3967edf24c0800cfc161c5a15e240dac28e3ce575c689abc11f2c81ccc6532c8752af3b40f9120fb5e454abecd359e164f4f6aa44c29cd37e194fe
  languageName: node
  linkType: hard

"url-parse@npm:^1.5.3":
  version: 1.5.10
  resolution: "url-parse@npm:1.5.10"
  dependencies:
    querystringify: "npm:^2.1.1"
    requires-port: "npm:^1.0.0"
  checksum: bd5aa9389f896974beb851c112f63b466505a04b4807cea2e5a3b7092f6fbb75316f0491ea84e44f66fed55f1b440df5195d7e3a8203f64fcefa19d182f5be87
  languageName: node
  linkType: hard

"vanilla-colorful@npm:0.7.2":
  version: 0.7.2
  resolution: "vanilla-colorful@npm:0.7.2"
  checksum: 53e759ffaf2608e41d85f0f2a06b5e7745773365702363fc83f743c43a6eec11feb78c9a6e680d59983d66e278eb81a43b3230b81a288f5d73512c62597251be
  languageName: node
  linkType: hard

"w3c-hr-time@npm:^1.0.2":
  version: 1.0.2
  resolution: "w3c-hr-time@npm:1.0.2"
  dependencies:
    browser-process-hrtime: "npm:^1.0.0"
  checksum: 7795b61fb51ce222414891eef8e6cb13240b62f64351b4474f99c84de2bc37d37dd0efa193f37391e9737097b881a111d1e003e3d7a9583693f8d5a858b02627
  languageName: node
  linkType: hard

"w3c-xmlserializer@npm:^2.0.0":
  version: 2.0.0
  resolution: "w3c-xmlserializer@npm:2.0.0"
  dependencies:
    xml-name-validator: "npm:^3.0.0"
  checksum: 92b8af34766f5bb8f37c505bc459ee1791b30af778d3a86551f7dd3b1716f79cb98c71d65d03f2bf6eba6b09861868eaf2be7e233b9202b26a9df7595f2bd290
  languageName: node
  linkType: hard

"webidl-conversions@npm:^5.0.0":
  version: 5.0.0
  resolution: "webidl-conversions@npm:5.0.0"
  checksum: bf31df332ed11e1114bfcae7712d9ab2c37e7faa60ba32d8fdbee785937c0b012eee235c19d2b5d84f5072db84a160e8d08dd382da7f850feec26a4f46add8ff
  languageName: node
  linkType: hard

"webidl-conversions@npm:^6.1.0":
  version: 6.1.0
  resolution: "webidl-conversions@npm:6.1.0"
  checksum: 66ad3b9073cd1e0e173444d8c636673b016e25b5856694429072cc966229adb734a8d410188e031effadcfb837936d79bc9e87c48f4d5925a90d42dec97f6590
  languageName: node
  linkType: hard

"whatwg-encoding@npm:^1.0.5":
  version: 1.0.5
  resolution: "whatwg-encoding@npm:1.0.5"
  dependencies:
    iconv-lite: "npm:0.4.24"
  checksum: 79d9f276234fd06bb27de4c1f9137a0471bfa578efaec0474ab46b6d64bf30bb14492e6f88eff0e6794bdd6fa48b44f4d7a2e9c41424a837a63bba9626e35c62
  languageName: node
  linkType: hard

"whatwg-mimetype@npm:^2.3.0":
  version: 2.3.0
  resolution: "whatwg-mimetype@npm:2.3.0"
  checksum: 81c5eaf660b1d1c27575406bcfdf58557b599e302211e13e3c8209020bbac903e73c17f9990f887232b39ce570cc8638331b0c3ff0842ba224a5c2925e830b06
  languageName: node
  linkType: hard

"whatwg-url@npm:^8.0.0, whatwg-url@npm:^8.5.0":
  version: 8.7.0
  resolution: "whatwg-url@npm:8.7.0"
  dependencies:
    lodash: "npm:^4.7.0"
    tr46: "npm:^2.1.0"
    webidl-conversions: "npm:^6.1.0"
  checksum: de0bc94387dba586b278e701cf5a1c1f5002725d22b8564dbca2cab1966ef24b839018e57ae2423fb514d8a2dd3aa3bf97323e2f89b55cd89e79141e432e9df1
  languageName: node
  linkType: hard

"ws@npm:^7.4.6":
  version: 7.5.9
  resolution: "ws@npm:7.5.9"
  peerDependencies:
    bufferutil: ^4.0.1
    utf-8-validate: ^5.0.2
  peerDependenciesMeta:
    bufferutil:
      optional: true
    utf-8-validate:
      optional: true
  checksum: aec4ef4eb65821a7dde7b44790f8699cfafb7978c9b080f6d7a98a7f8fc0ce674c027073a78574c94786ba7112cc90fa2cc94fc224ceba4d4b1030cff9662494
  languageName: node
  linkType: hard

"xml-name-validator@npm:^3.0.0":
  version: 3.0.0
  resolution: "xml-name-validator@npm:3.0.0"
  checksum: da310f6a7a52f8eb0fce3d04ffa1f97387ca68f47e8620ae3a259909c4e832f7003313b918e53840a6bf57fb38d5ae3c5f79f31f911b2818a7439f7898f8fbf1
  languageName: node
  linkType: hard

"xmlchars@npm:^2.2.0":
  version: 2.2.0
  resolution: "xmlchars@npm:2.2.0"
  checksum: b64b535861a6f310c5d9bfa10834cf49127c71922c297da9d4d1b45eeaae40bf9b4363275876088fbe2667e5db028d2cd4f8ee72eed9bede840a67d57dab7593
  languageName: node
  linkType: hard
